{
  "name": "loopback-action-mailer",
  "version": "0.2.0",
  "lockfileVersion": 1,
  "requires": true,
  "dependencies": {
    "@types/ejs": {
      "version": "2.6.1",
      "resolved": "https://registry.npmjs.org/@types/ejs/-/ejs-2.6.1.tgz",
      "integrity": "sha512-WD8015V8Y+uDfFIjiVHU7t9SgHptqTGGN8w0A2LcrL0NLtqColM15cswkHZMUfodyuTf35sup8vW0hpWRHu0dQ==",
      "dev": true
    },
    "@types/node": {
      "version": "12.0.0",
      "resolved": "https://registry.npmjs.org/@types/node/-/node-12.0.0.tgz",
      "integrity": "sha512-Jrb/x3HT4PTJp6a4avhmJCDEVrPdqLfl3e8GGMbpkGGdwAV5UGlIs4vVEfsHHfylZVOKZWpOqmqFH8CbfOZ6kg=="
    },
    "ejs": {
      "version": "2.6.1",
      "resolved": "https://registry.npmjs.org/ejs/-/ejs-2.6.1.tgz",
      "integrity": "sha512-0xy4A/twfrRCnkhfk8ErDi5DqdAsAqeGxht4xkCUrsvhhbQNs7E+4jV0CN7+NKIY0aHE72+XvqtBIXzD31ZbXQ=="
    },
    "simple-transaction-email-ejs": {
      "version": "1.0.0",
      "resolved": "https://registry.npmjs.org/simple-transaction-email-ejs/-/simple-transaction-email-ejs-1.0.0.tgz",
      "integrity": "sha512-dpIs3mTDlOSxYLh6kexigKb3m74HyrVvGhwDirDfY29vb+7iR3A4KMdZj20AU4MNm+7kbS01NAEbuuvHuDcFJQ=="
    },
    "typescript": {
      "version": "3.2.4",
      "resolved": "https://registry.npmjs.org/typescript/-/typescript-3.2.4.tgz",
      "integrity": "sha512-0RNDbSdEokBeEAkgNbxJ+BLwSManFy9TeXz8uW+48j/xhEXv1ePME60olyzw2XzUqUBNAYFeJadIqAgNqIACwg==",
      "dev": true
    }
  }
}
